
Microsoft Visual Studio Solution File, Format Version 12.00
Project("{FAE04EC0-301F-11D3-BF4B-00C04F79EFBC}") = "FractionalIndexing", "FractionalIndexing\FractionalIndexing.csproj", "{51ADCF20-4722-405B-A589-3462055172BB}"
EndProject
Project("{FAE04EC0-301F-11D3-BF4B-00C04F79EFBC}") = "FractionalIndexing.Tests", "FractionalIndexing.Tests\FractionalIndexing.Tests.csproj", "{DA4B5949-F7E3-40F7-BE29-E483620C49A6}"
EndProject
Global
	GlobalSection(SolutionConfigurationPlatforms) = preSolution
		Debug|Any CPU = Debug|Any CPU
		Release|Any CPU = Release|Any CPU
	EndGlobalSection
	GlobalSection(ProjectConfigurationPlatforms) = postSolution
		{51ADCF20-4722-405B-A589-3462055172BB}.Debug|Any CPU.ActiveCfg = Debug|Any CPU
		{51ADCF20-4722-405B-A589-3462055172BB}.Debug|Any CPU.Build.0 = Debug|Any CPU
		{51ADCF20-4722-405B-A589-3462055172BB}.Release|Any CPU.ActiveCfg = Release|Any CPU
		{51ADCF20-4722-405B-A589-3462055172BB}.Release|Any CPU.Build.0 = Release|Any CPU
		{DA4B5949-F7E3-40F7-BE29-E483620C49A6}.Debug|Any CPU.ActiveCfg = Debug|Any CPU
		{DA4B5949-F7E3-40F7-BE29-E483620C49A6}.Debug|Any CPU.Build.0 = Debug|Any CPU
		{DA4B5949-F7E3-40F7-BE29-E483620C49A6}.Release|Any CPU.ActiveCfg = Release|Any CPU
		{DA4B5949-F7E3-40F7-BE29-E483620C49A6}.Release|Any CPU.Build.0 = Release|Any CPU
	EndGlobalSection
EndGlobal
